
Microsoft Visual Studio Solution File, Format Version 12.00
# Visual Studio Version 16
VisualStudioVersion = 16.0.31624.102
MinimumVisualStudioVersion = 10.0.40219.1
Project("{888888A0-9F3D-457C-B088-3A5042F75D52}") = "prog_lab2.4", "prog_lab2.4\prog_lab2.4.pyproj", "{8A2C4DF1-18E0-425C-A37D-B67461780773}"
EndProject
Global
	GlobalSection(SolutionConfigurationPlatforms) = preSolution
		Debug|Any CPU = Debug|Any CPU
		Release|Any CPU = Release|Any CPU
	EndGlobalSection
	GlobalSection(ProjectConfigurationPlatforms) = postSolution
		{8A2C4DF1-18E0-425C-A37D-B67461780773}.Debug|Any CPU.ActiveCfg = Debug|Any CPU
		{8A2C4DF1-18E0-425C-A37D-B67461780773}.Release|Any CPU.ActiveCfg = Release|Any CPU
	EndGlobalSection
	GlobalSection(SolutionProperties) = preSolution
		HideSolutionNode = FALSE
	EndGlobalSection
	GlobalSection(ExtensibilityGlobals) = postSolution
		SolutionGuid = {D48470E1-ADC7-4024-B19A-5AA3F47BFE97}
	EndGlobalSection
EndGlobal
